
Microsoft Visual Studio Solution File, Format Version 12.00
# Visual Studio Version 17
VisualStudioVersion = 17.4.33205.214
MinimumVisualStudioVersion = 10.0.40219.1
Project("{FAE04EC0-301F-11D3-BF4B-00C04F79EFBC}") = "Week2App1", "Week2App1\Week2App1.csproj", "{FDEF9CEE-CF36-461B-B31C-6D8C8A51147A}"
EndProject
Global
	GlobalSection(SolutionConfigurationPlatforms) = preSolution
		Debug|Any CPU = Debug|Any CPU
		Release|Any CPU = Release|Any CPU
	EndGlobalSection
	GlobalSection(ProjectConfigurationPlatforms) = postSolution
		{FDEF9CEE-CF36-461B-B31C-6D8C8A51147A}.Debug|Any CPU.ActiveCfg = Debug|Any CPU
		{FDEF9CEE-CF36-461B-B31C-6D8C8A51147A}.Debug|Any CPU.Build.0 = Debug|Any CPU
		{FDEF9CEE-CF36-461B-B31C-6D8C8A51147A}.Release|Any CPU.ActiveCfg = Release|Any CPU
		{FDEF9CEE-CF36-461B-B31C-6D8C8A51147A}.Release|Any CPU.Build.0 = Release|Any CPU
	EndGlobalSection
	GlobalSection(SolutionProperties) = preSolution
		HideSolutionNode = FALSE
	EndGlobalSection
	GlobalSection(ExtensibilityGlobals) = postSolution
		SolutionGuid = {63A78CD2-7A04-4956-810F-914B1B21F0C0}
	EndGlobalSection
EndGlobal
